// !$*UTF8*$!
{
	archiveVersion = 1;
	classes = {
	};
	objectVersion = 46;
	objects = {

/* Begin PBXBuildFile section */
		C066B7CC1A06EA0D003471F2 /* GaussianModel.cpp in Sources */ = {isa = PBXBuildFile; fileRef = C066B7CB1A06EA0D003471F2 /* GaussianModel.cpp */; };
		C0797BA81A09420A00B46F07 /* DualGaussianModel.cpp in Sources */ = {isa = PBXBuildFile; fileRef = C0797BA61A09420A00B46F07 /* DualGaussianModel.cpp */; };
		C094CAE71A2B891D0004CF92 /* gmmmain.cpp in Sources */ = {isa = PBXBuildFile; fileRef = C094CAE61A2B891D0004CF92 /* gmmmain.cpp */; };
		C0C4518D1A06ACDF00905399 /* main.cpp in Sources */ = {isa = PBXBuildFile; fileRef = C0C4518C1A06ACDF00905399 /* main.cpp */; };
		C0C451CD1A06AEAB00905399 /* libopencv_videostab.2.4.6.dylib in Frameworks */ = {isa = PBXBuildFile; fileRef = C0C451941A06AEAB00905399 /* libopencv_videostab.2.4.6.dylib */; settings = {ATTRIBUTES = (Required, ); }; };
		C0C451CE1A06AEAB00905399 /* libopencv_videostab.2.4.6.dylib in Frameworks */ = {isa = PBXBuildFile; fileRef = C0C451951A06AEAB00905399 /* libopencv_videostab.2.4.6.dylib */; settings = {ATTRIBUTES = (Required, ); }; };
		C0C451CF1A06AEAB00905399 /* libopencv_videostab.2.4.6.dylib in Frameworks */ = {isa = PBXBuildFile; fileRef = C0C451961A06AEAB00905399 /* libopencv_videostab.2.4.6.dylib */; settings = {ATTRIBUTES = (Required, ); }; };
		C0C451D01A06AEAB00905399 /* libopencv_video.2.4.6.dylib in Frameworks */ = {isa = PBXBuildFile; fileRef = C0C451971A06AEAB00905399 /* libopencv_video.2.4.6.dylib */; settings = {ATTRIBUTES = (Required, ); }; };
		C0C451D11A06AEAB00905399 /* libopencv_video.2.4.6.dylib in Frameworks */ = {isa = PBXBuildFile; fileRef = C0C451981A06AEAB00905399 /* libopencv_video.2.4.6.dylib */; settings = {ATTRIBUTES = (Required, ); }; };
		C0C451D21A06AEAB00905399 /* libopencv_video.2.4.6.dylib in Frameworks */ = {isa = PBXBuildFile; fileRef = C0C451991A06AEAB00905399 /* libopencv_video.2.4.6.dylib */; settings = {ATTRIBUTES = (Required, ); }; };
		C0C451D31A06AEAB00905399 /* libopencv_ts.2.4.6.dylib in Frameworks */ = {isa = PBXBuildFile; fileRef = C0C4519A1A06AEAB00905399 /* libopencv_ts.2.4.6.dylib */; settings = {ATTRIBUTES = (Required, ); }; };
		C0C451D41A06AEAB00905399 /* libopencv_ts.2.4.6.dylib in Frameworks */ = {isa = PBXBuildFile; fileRef = C0C4519B1A06AEAB00905399 /* libopencv_ts.2.4.6.dylib */; settings = {ATTRIBUTES = (Required, ); }; };
		C0C451D51A06AEAB00905399 /* libopencv_ts.2.4.6.dylib in Frameworks */ = {isa = PBXBuildFile; fileRef = C0C4519C1A06AEAB00905399 /* libopencv_ts.2.4.6.dylib */; settings = {ATTRIBUTES = (Required, ); }; };
		C0C451D61A06AEAB00905399 /* libopencv_superres.2.4.6.dylib in Frameworks */ = {isa = PBXBuildFile; fileRef = C0C4519D1A06AEAB00905399 /* libopencv_superres.2.4.6.dylib */; settings = {ATTRIBUTES = (Required, ); }; };
		C0C451D71A06AEAB00905399 /* libopencv_superres.2.4.6.dylib in Frameworks */ = {isa = PBXBuildFile; fileRef = C0C4519E1A06AEAB00905399 /* libopencv_superres.2.4.6.dylib */; settings = {ATTRIBUTES = (Required, ); }; };
		C0C451D81A06AEAB00905399 /* libopencv_superres.2.4.6.dylib in Frameworks */ = {isa = PBXBuildFile; fileRef = C0C4519F1A06AEAB00905399 /* libopencv_superres.2.4.6.dylib */; settings = {ATTRIBUTES = (Required, ); }; };
		C0C451D91A06AEAC00905399 /* libopencv_stitching.2.4.6.dylib in Frameworks */ = {isa = PBXBuildFile; fileRef = C0C451A01A06AEAB00905399 /* libopencv_stitching.2.4.6.dylib */; settings = {ATTRIBUTES = (Required, ); }; };
		C0C451DA1A06AEAC00905399 /* libopencv_stitching.2.4.6.dylib in Frameworks */ = {isa = PBXBuildFile; fileRef = C0C451A11A06AEAB00905399 /* libopencv_stitching.2.4.6.dylib */; settings = {ATTRIBUTES = (Required, ); }; };
		C0C451DB1A06AEAC00905399 /* libopencv_stitching.2.4.6.dylib in Frameworks */ = {isa = PBXBuildFile; fileRef = C0C451A21A06AEAB00905399 /* libopencv_stitching.2.4.6.dylib */; settings = {ATTRIBUTES = (Required, ); }; };
		C0C451DC1A06AEAC00905399 /* libopencv_photo.2.4.6.dylib in Frameworks */ = {isa = PBXBuildFile; fileRef = C0C451A31A06AEAB00905399 /* libopencv_photo.2.4.6.dylib */; settings = {ATTRIBUTES = (Required, ); }; };
		C0C451DD1A06AEAC00905399 /* libopencv_photo.2.4.6.dylib in Frameworks */ = {isa = PBXBuildFile; fileRef = C0C451A41A06AEAB00905399 /* libopencv_photo.2.4.6.dylib */; settings = {ATTRIBUTES = (Required, ); }; };
		C0C451DE1A06AEAC00905399 /* libopencv_photo.2.4.6.dylib in Frameworks */ = {isa = PBXBuildFile; fileRef = C0C451A51A06AEAB00905399 /* libopencv_photo.2.4.6.dylib */; settings = {ATTRIBUTES = (Required, ); }; };
		C0C451DF1A06AEAC00905399 /* libopencv_ocl.2.4.6.dylib in Frameworks */ = {isa = PBXBuildFile; fileRef = C0C451A61A06AEAB00905399 /* libopencv_ocl.2.4.6.dylib */; settings = {ATTRIBUTES = (Required, ); }; };
		C0C451E01A06AEAC00905399 /* libopencv_ocl.2.4.6.dylib in Frameworks */ = {isa = PBXBuildFile; fileRef = C0C451A71A06AEAB00905399 /* libopencv_ocl.2.4.6.dylib */; settings = {ATTRIBUTES = (Required, ); }; };
		C0C451E11A06AEAC00905399 /* libopencv_ocl.2.4.6.dylib in Frameworks */ = {isa = PBXBuildFile; fileRef = C0C451A81A06AEAB00905399 /* libopencv_ocl.2.4.6.dylib */; settings = {ATTRIBUTES = (Required, ); }; };
		C0C451E21A06AEAC00905399 /* libopencv_objdetect.2.4.6.dylib in Frameworks */ = {isa = PBXBuildFile; fileRef = C0C451A91A06AEAB00905399 /* libopencv_objdetect.2.4.6.dylib */; settings = {ATTRIBUTES = (Required, ); }; };
		C0C451E31A06AEAC00905399 /* libopencv_objdetect.2.4.6.dylib in Frameworks */ = {isa = PBXBuildFile; fileRef = C0C451AA1A06AEAB00905399 /* libopencv_objdetect.2.4.6.dylib */; settings = {ATTRIBUTES = (Required, ); }; };
		C0C451E41A06AEAC00905399 /* libopencv_objdetect.2.4.6.dylib in Frameworks */ = {isa = PBXBuildFile; fileRef = C0C451AB1A06AEAB00905399 /* libopencv_objdetect.2.4.6.dylib */; settings = {ATTRIBUTES = (Required, ); }; };
		C0C451E51A06AEAC00905399 /* libopencv_nonfree.2.4.6.dylib in Frameworks */ = {isa = PBXBuildFile; fileRef = C0C451AC1A06AEAB00905399 /* libopencv_nonfree.2.4.6.dylib */; settings = {ATTRIBUTES = (Required, ); }; };
		C0C451E61A06AEAC00905399 /* libopencv_nonfree.2.4.6.dylib in Frameworks */ = {isa = PBXBuildFile; fileRef = C0C451AD1A06AEAB00905399 /* libopencv_nonfree.2.4.6.dylib */; settings = {ATTRIBUTES = (Required, ); }; };
		C0C451E71A06AEAC00905399 /* libopencv_nonfree.2.4.6.dylib in Frameworks */ = {isa = PBXBuildFile; fileRef = C0C451AE1A06AEAB00905399 /* libopencv_nonfree.2.4.6.dylib */; settings = {ATTRIBUTES = (Required, ); }; };
		C0C451E81A06AEAC00905399 /* libopencv_ml.2.4.6.dylib in Frameworks */ = {isa = PBXBuildFile; fileRef = C0C451AF1A06AEAB00905399 /* libopencv_ml.2.4.6.dylib */; settings = {ATTRIBUTES = (Required, ); }; };
		C0C451E91A06AEAC00905399 /* libopencv_ml.2.4.6.dylib in Frameworks */ = {isa = PBXBuildFile; fileRef = C0C451B01A06AEAB00905399 /* libopencv_ml.2.4.6.dylib */; settings = {ATTRIBUTES = (Required, ); }; };
		C0C451EA1A06AEAC00905399 /* libopencv_ml.2.4.6.dylib in Frameworks */ = {isa = PBXBuildFile; fileRef = C0C451B11A06AEAB00905399 /* libopencv_ml.2.4.6.dylib */; settings = {ATTRIBUTES = (Required, ); }; };
		C0C451EB1A06AEAC00905399 /* libopencv_legacy.2.4.6.dylib in Frameworks */ = {isa = PBXBuildFile; fileRef = C0C451B21A06AEAB00905399 /* libopencv_legacy.2.4.6.dylib */; settings = {ATTRIBUTES = (Required, ); }; };
		C0C451EC1A06AEAC00905399 /* libopencv_legacy.2.4.6.dylib in Frameworks */ = {isa = PBXBuildFile; fileRef = C0C451B31A06AEAB00905399 /* libopencv_legacy.2.4.6.dylib */; settings = {ATTRIBUTES = (Required, ); }; };
		C0C451ED1A06AEAC00905399 /* libopencv_legacy.2.4.6.dylib in Frameworks */ = {isa = PBXBuildFile; fileRef = C0C451B41A06AEAB00905399 /* libopencv_legacy.2.4.6.dylib */; settings = {ATTRIBUTES = (Required, ); }; };
		C0C451EE1A06AEAC00905399 /* libopencv_imgproc.2.4.6.dylib in Frameworks */ = {isa = PBXBuildFile; fileRef = C0C451B51A06AEAB00905399 /* libopencv_imgproc.2.4.6.dylib */; settings = {ATTRIBUTES = (Required, ); }; };
		C0C451EF1A06AEAC00905399 /* libopencv_imgproc.2.4.6.dylib in Frameworks */ = {isa = PBXBuildFile; fileRef = C0C451B61A06AEAB00905399 /* libopencv_imgproc.2.4.6.dylib */; settings = {ATTRIBUTES = (Required, ); }; };
		C0C451F01A06AEAC00905399 /* libopencv_imgproc.2.4.6.dylib in Frameworks */ = {isa = PBXBuildFile; fileRef = C0C451B71A06AEAB00905399 /* libopencv_imgproc.2.4.6.dylib */; settings = {ATTRIBUTES = (Required, ); }; };
		C0C451F11A06AEAC00905399 /* libopencv_highgui.2.4.6.dylib in Frameworks */ = {isa = PBXBuildFile; fileRef = C0C451B81A06AEAB00905399 /* libopencv_highgui.2.4.6.dylib */; settings = {ATTRIBUTES = (Required, ); }; };
		C0C451F21A06AEAC00905399 /* libopencv_highgui.2.4.6.dylib in Frameworks */ = {isa = PBXBuildFile; fileRef = C0C451B91A06AEAB00905399 /* libopencv_highgui.2.4.6.dylib */; settings = {ATTRIBUTES = (Required, ); }; };
		C0C451F31A06AEAC00905399 /* libopencv_highgui.2.4.6.dylib in Frameworks */ = {isa = PBXBuildFile; fileRef = C0C451BA1A06AEAB00905399 /* libopencv_highgui.2.4.6.dylib */; settings = {ATTRIBUTES = (Required, ); }; };
		C0C451F41A06AEAC00905399 /* libopencv_gpu.2.4.6.dylib in Frameworks */ = {isa = PBXBuildFile; fileRef = C0C451BB1A06AEAB00905399 /* libopencv_gpu.2.4.6.dylib */; settings = {ATTRIBUTES = (Required, ); }; };
		C0C451F51A06AEAC00905399 /* libopencv_gpu.2.4.6.dylib in Frameworks */ = {isa = PBXBuildFile; fileRef = C0C451BC1A06AEAB00905399 /* libopencv_gpu.2.4.6.dylib */; settings = {ATTRIBUTES = (Required, ); }; };
		C0C451F61A06AEAC00905399 /* libopencv_gpu.2.4.6.dylib in Frameworks */ = {isa = PBXBuildFile; fileRef = C0C451BD1A06AEAB00905399 /* libopencv_gpu.2.4.6.dylib */; settings = {ATTRIBUTES = (Required, ); }; };
		C0C451F71A06AEAC00905399 /* libopencv_flann.2.4.6.dylib in Frameworks */ = {isa = PBXBuildFile; fileRef = C0C451BE1A06AEAB00905399 /* libopencv_flann.2.4.6.dylib */; settings = {ATTRIBUTES = (Required, ); }; };
		C0C451F81A06AEAC00905399 /* libopencv_flann.2.4.6.dylib in Frameworks */ = {isa = PBXBuildFile; fileRef = C0C451BF1A06AEAB00905399 /* libopencv_flann.2.4.6.dylib */; settings = {ATTRIBUTES = (Required, ); }; };
		C0C451F91A06AEAC00905399 /* libopencv_flann.2.4.6.dylib in Frameworks */ = {isa = PBXBuildFile; fileRef = C0C451C01A06AEAB00905399 /* libopencv_flann.2.4.6.dylib */; settings = {ATTRIBUTES = (Required, ); }; };
		C0C451FA1A06AEAC00905399 /* libopencv_features2d.2.4.6.dylib in Frameworks */ = {isa = PBXBuildFile; fileRef = C0C451C11A06AEAB00905399 /* libopencv_features2d.2.4.6.dylib */; settings = {ATTRIBUTES = (Required, ); }; };
		C0C451FB1A06AEAC00905399 /* libopencv_features2d.2.4.6.dylib in Frameworks */ = {isa = PBXBuildFile; fileRef = C0C451C21A06AEAB00905399 /* libopencv_features2d.2.4.6.dylib */; settings = {ATTRIBUTES = (Required, ); }; };
		C0C451FC1A06AEAC00905399 /* libopencv_features2d.2.4.6.dylib in Frameworks */ = {isa = PBXBuildFile; fileRef = C0C451C31A06AEAB00905399 /* libopencv_features2d.2.4.6.dylib */; settings = {ATTRIBUTES = (Required, ); }; };
		C0C451FD1A06AEAC00905399 /* libopencv_core.2.4.6.dylib in Frameworks */ = {isa = PBXBuildFile; fileRef = C0C451C41A06AEAB00905399 /* libopencv_core.2.4.6.dylib */; settings = {ATTRIBUTES = (Required, ); }; };
		C0C451FE1A06AEAC00905399 /* libopencv_core.2.4.6.dylib in Frameworks */ = {isa = PBXBuildFile; fileRef = C0C451C51A06AEAB00905399 /* libopencv_core.2.4.6.dylib */; settings = {ATTRIBUTES = (Required, ); }; };
		C0C451FF1A06AEAC00905399 /* libopencv_core.2.4.6.dylib in Frameworks */ = {isa = PBXBuildFile; fileRef = C0C451C61A06AEAB00905399 /* libopencv_core.2.4.6.dylib */; settings = {ATTRIBUTES = (Required, ); }; };
		C0C452001A06AEAC00905399 /* libopencv_contrib.2.4.6.dylib in Frameworks */ = {isa = PBXBuildFile; fileRef = C0C451C71A06AEAB00905399 /* libopencv_contrib.2.4.6.dylib */; settings = {ATTRIBUTES = (Required, ); }; };
		C0C452011A06AEAC00905399 /* libopencv_contrib.2.4.6.dylib in Frameworks */ = {isa = PBXBuildFile; fileRef = C0C451C81A06AEAB00905399 /* libopencv_contrib.2.4.6.dylib */; settings = {ATTRIBUTES = (Required, ); }; };
		C0C452021A06AEAC00905399 /* libopencv_contrib.2.4.6.dylib in Frameworks */ = {isa = PBXBuildFile; fileRef = C0C451C91A06AEAB00905399 /* libopencv_contrib.2.4.6.dylib */; settings = {ATTRIBUTES = (Required, ); }; };
		C0C452031A06AEAC00905399 /* libopencv_calib3d.2.4.6.dylib in Frameworks */ = {isa = PBXBuildFile; fileRef = C0C451CA1A06AEAB00905399 /* libopencv_calib3d.2.4.6.dylib */; settings = {ATTRIBUTES = (Required, ); }; };
		C0C452041A06AEAC00905399 /* libopencv_calib3d.2.4.6.dylib in Frameworks */ = {isa = PBXBuildFile; fileRef = C0C451CB1A06AEAB00905399 /* libopencv_calib3d.2.4.6.dylib */; settings = {ATTRIBUTES = (Required, ); }; };
		C0C452051A06AEAC00905399 /* libopencv_calib3d.2.4.6.dylib in Frameworks */ = {isa = PBXBuildFile; fileRef = C0C451CC1A06AEAB00905399 /* libopencv_calib3d.2.4.6.dylib */; settings = {ATTRIBUTES = (Required, ); }; };
/* End PBXBuildFile section */

/* Begin PBXCopyFilesBuildPhase section */
		C0C451871A06ACDF00905399 /* CopyFiles */ = {
			isa = PBXCopyFilesBuildPhase;
			buildActionMask = 2147483647;
			dstPath = /usr/share/man/man1/;
			dstSubfolderSpec = 0;
			files = (
			);
			runOnlyForDeploymentPostprocessing = 1;
		};
/* End PBXCopyFilesBuildPhase section */

/* Begin PBXFileReference section */
		C066B7CA1A06EA0D003471F2 /* GaussianModel.h */ = {isa = PBXFileReference; fileEncoding = 4; lastKnownFileType = sourcecode.c.h; path = GaussianModel.h; sourceTree = "<group>"; };
		C066B7CB1A06EA0D003471F2 /* GaussianModel.cpp */ = {isa = PBXFileReference; fileEncoding = 4; lastKnownFileType = sourcecode.cpp.cpp; path = GaussianModel.cpp; sourceTree = "<group>"; };
		C0797BA61A09420A00B46F07 /* DualGaussianModel.cpp */ = {isa = PBXFileReference; fileEncoding = 4; lastKnownFileType = sourcecode.cpp.cpp; path = DualGaussianModel.cpp; sourceTree = "<group>"; };
		C0797BA71A09420A00B46F07 /* DualGaussianModel.h */ = {isa = PBXFileReference; fileEncoding = 4; lastKnownFileType = sourcecode.c.h; path = DualGaussianModel.h; sourceTree = "<group>"; };
		C094CAE61A2B891D0004CF92 /* gmmmain.cpp */ = {isa = PBXFileReference; fileEncoding = 4; lastKnownFileType = sourcecode.cpp.cpp; path = gmmmain.cpp; sourceTree = "<group>"; };
		C0C451891A06ACDF00905399 /* BGS */ = {isa = PBXFileReference; explicitFileType = "compiled.mach-o.executable"; includeInIndex = 0; path = BGS; sourceTree = BUILT_PRODUCTS_DIR; };
		C0C4518C1A06ACDF00905399 /* main.cpp */ = {isa = PBXFileReference; lastKnownFileType = sourcecode.cpp.cpp; path = main.cpp; sourceTree = "<group>"; };
		C0C451941A06AEAB00905399 /* libopencv_videostab.2.4.6.dylib */ = {isa = PBXFileReference; lastKnownFileType = "compiled.mach-o.dylib"; path = libopencv_videostab.2.4.6.dylib; sourceTree = "<group>"; };
		C0C451951A06AEAB00905399 /* libopencv_videostab.2.4.6.dylib */ = {isa = PBXFileReference; lastKnownFileType = "compiled.mach-o.dylib"; path = libopencv_videostab.2.4.6.dylib; sourceTree = "<group>"; };
		C0C451961A06AEAB00905399 /* libopencv_videostab.2.4.6.dylib */ = {isa = PBXFileReference; lastKnownFileType = "compiled.mach-o.dylib"; path = libopencv_videostab.2.4.6.dylib; sourceTree = "<group>"; };
		C0C451971A06AEAB00905399 /* libopencv_video.2.4.6.dylib */ = {isa = PBXFileReference; lastKnownFileType = "compiled.mach-o.dylib"; path = libopencv_video.2.4.6.dylib; sourceTree = "<group>"; };
		C0C451981A06AEAB00905399 /* libopencv_video.2.4.6.dylib */ = {isa = PBXFileReference; lastKnownFileType = "compiled.mach-o.dylib"; path = libopencv_video.2.4.6.dylib; sourceTree = "<group>"; };
		C0C451991A06AEAB00905399 /* libopencv_video.2.4.6.dylib */ = {isa = PBXFileReference; lastKnownFileType = "compiled.mach-o.dylib"; path = libopencv_video.2.4.6.dylib; sourceTree = "<group>"; };
		C0C4519A1A06AEAB00905399 /* libopencv_ts.2.4.6.dylib */ = {isa = PBXFileReference; lastKnownFileType = "compiled.mach-o.dylib"; path = libopencv_ts.2.4.6.dylib; sourceTree = "<group>"; };
		C0C4519B1A06AEAB00905399 /* libopencv_ts.2.4.6.dylib */ = {isa = PBXFileReference; lastKnownFileType = "compiled.mach-o.dylib"; path = libopencv_ts.2.4.6.dylib; sourceTree = "<group>"; };
		C0C4519C1A06AEAB00905399 /* libopencv_ts.2.4.6.dylib */ = {isa = PBXFileReference; lastKnownFileType = "compiled.mach-o.dylib"; path = libopencv_ts.2.4.6.dylib; sourceTree = "<group>"; };
		C0C4519D1A06AEAB00905399 /* libopencv_superres.2.4.6.dylib */ = {isa = PBXFileReference; lastKnownFileType = "compiled.mach-o.dylib"; path = libopencv_superres.2.4.6.dylib; sourceTree = "<group>"; };
		C0C4519E1A06AEAB00905399 /* libopencv_superres.2.4.6.dylib */ = {isa = PBXFileReference; lastKnownFileType = "compiled.mach-o.dylib"; path = libopencv_superres.2.4.6.dylib; sourceTree = "<group>"; };
		C0C4519F1A06AEAB00905399 /* libopencv_superres.2.4.6.dylib */ = {isa = PBXFileReference; lastKnownFileType = "compiled.mach-o.dylib"; path = libopencv_superres.2.4.6.dylib; sourceTree = "<group>"; };
		C0C451A01A06AEAB00905399 /* libopencv_stitching.2.4.6.dylib */ = {isa = PBXFileReference; lastKnownFileType = "compiled.mach-o.dylib"; path = libopencv_stitching.2.4.6.dylib; sourceTree = "<group>"; };
		C0C451A11A06AEAB00905399 /* libopencv_stitching.2.4.6.dylib */ = {isa = PBXFileReference; lastKnownFileType = "compiled.mach-o.dylib"; path = libopencv_stitching.2.4.6.dylib; sourceTree = "<group>"; };
		C0C451A21A06AEAB00905399 /* libopencv_stitching.2.4.6.dylib */ = {isa = PBXFileReference; lastKnownFileType = "compiled.mach-o.dylib"; path = libopencv_stitching.2.4.6.dylib; sourceTree = "<group>"; };
		C0C451A31A06AEAB00905399 /* libopencv_photo.2.4.6.dylib */ = {isa = PBXFileReference; lastKnownFileType = "compiled.mach-o.dylib"; path = libopencv_photo.2.4.6.dylib; sourceTree = "<group>"; };
		C0C451A41A06AEAB00905399 /* libopencv_photo.2.4.6.dylib */ = {isa = PBXFileReference; lastKnownFileType = "compiled.mach-o.dylib"; path = libopencv_photo.2.4.6.dylib; sourceTree = "<group>"; };
		C0C451A51A06AEAB00905399 /* libopencv_photo.2.4.6.dylib */ = {isa = PBXFileReference; lastKnownFileType = "compiled.mach-o.dylib"; path = libopencv_photo.2.4.6.dylib; sourceTree = "<group>"; };
		C0C451A61A06AEAB00905399 /* libopencv_ocl.2.4.6.dylib */ = {isa = PBXFileReference; lastKnownFileType = "compiled.mach-o.dylib"; path = libopencv_ocl.2.4.6.dylib; sourceTree = "<group>"; };
		C0C451A71A06AEAB00905399 /* libopencv_ocl.2.4.6.dylib */ = {isa = PBXFileReference; lastKnownFileType = "compiled.mach-o.dylib"; path = libopencv_ocl.2.4.6.dylib; sourceTree = "<group>"; };
		C0C451A81A06AEAB00905399 /* libopencv_ocl.2.4.6.dylib */ = {isa = PBXFileReference; lastKnownFileType = "compiled.mach-o.dylib"; path = libopencv_ocl.2.4.6.dylib; sourceTree = "<group>"; };
		C0C451A91A06AEAB00905399 /* libopencv_objdetect.2.4.6.dylib */ = {isa = PBXFileReference; lastKnownFileType = "compiled.mach-o.dylib"; path = libopencv_objdetect.2.4.6.dylib; sourceTree = "<group>"; };
		C0C451AA1A06AEAB00905399 /* libopencv_objdetect.2.4.6.dylib */ = {isa = PBXFileReference; lastKnownFileType = "compiled.mach-o.dylib"; path = libopencv_objdetect.2.4.6.dylib; sourceTree = "<group>"; };
		C0C451AB1A06AEAB00905399 /* libopencv_objdetect.2.4.6.dylib */ = {isa = PBXFileReference; lastKnownFileType = "compiled.mach-o.dylib"; path = libopencv_objdetect.2.4.6.dylib; sourceTree = "<group>"; };
		C0C451AC1A06AEAB00905399 /* libopencv_nonfree.2.4.6.dylib */ = {isa = PBXFileReference; lastKnownFileType = "compiled.mach-o.dylib"; path = libopencv_nonfree.2.4.6.dylib; sourceTree = "<group>"; };
		C0C451AD1A06AEAB00905399 /* libopencv_nonfree.2.4.6.dylib */ = {isa = PBXFileReference; lastKnownFileType = "compiled.mach-o.dylib"; path = libopencv_nonfree.2.4.6.dylib; sourceTree = "<group>"; };
		C0C451AE1A06AEAB00905399 /* libopencv_nonfree.2.4.6.dylib */ = {isa = PBXFileReference; lastKnownFileType = "compiled.mach-o.dylib"; path = libopencv_nonfree.2.4.6.dylib; sourceTree = "<group>"; };
		C0C451AF1A06AEAB00905399 /* libopencv_ml.2.4.6.dylib */ = {isa = PBXFileReference; lastKnownFileType = "compiled.mach-o.dylib"; path = libopencv_ml.2.4.6.dylib; sourceTree = "<group>"; };
		C0C451B01A06AEAB00905399 /* libopencv_ml.2.4.6.dylib */ = {isa = PBXFileReference; lastKnownFileType = "compiled.mach-o.dylib"; path = libopencv_ml.2.4.6.dylib; sourceTree = "<group>"; };
		C0C451B11A06AEAB00905399 /* libopencv_ml.2.4.6.dylib */ = {isa = PBXFileReference; lastKnownFileType = "compiled.mach-o.dylib"; path = libopencv_ml.2.4.6.dylib; sourceTree = "<group>"; };
		C0C451B21A06AEAB00905399 /* libopencv_legacy.2.4.6.dylib */ = {isa = PBXFileReference; lastKnownFileType = "compiled.mach-o.dylib"; path = libopencv_legacy.2.4.6.dylib; sourceTree = "<group>"; };
		C0C451B31A06AEAB00905399 /* libopencv_legacy.2.4.6.dylib */ = {isa = PBXFileReference; lastKnownFileType = "compiled.mach-o.dylib"; path = libopencv_legacy.2.4.6.dylib; sourceTree = "<group>"; };
		C0C451B41A06AEAB00905399 /* libopencv_legacy.2.4.6.dylib */ = {isa = PBXFileReference; lastKnownFileType = "compiled.mach-o.dylib"; path = libopencv_legacy.2.4.6.dylib; sourceTree = "<group>"; };
		C0C451B51A06AEAB00905399 /* libopencv_imgproc.2.4.6.dylib */ = {isa = PBXFileReference; lastKnownFileType = "compiled.mach-o.dylib"; path = libopencv_imgproc.2.4.6.dylib; sourceTree = "<group>"; };
		C0C451B61A06AEAB00905399 /* libopencv_imgproc.2.4.6.dylib */ = {isa = PBXFileReference; lastKnownFileType = "compiled.mach-o.dylib"; path = libopencv_imgproc.2.4.6.dylib; sourceTree = "<group>"; };
		C0C451B71A06AEAB00905399 /* libopencv_imgproc.2.4.6.dylib */ = {isa = PBXFileReference; lastKnownFileType = "compiled.mach-o.dylib"; path = libopencv_imgproc.2.4.6.dylib; sourceTree = "<group>"; };
		C0C451B81A06AEAB00905399 /* libopencv_highgui.2.4.6.dylib */ = {isa = PBXFileReference; lastKnownFileType = "compiled.mach-o.dylib"; path = libopencv_highgui.2.4.6.dylib; sourceTree = "<group>"; };
		C0C451B91A06AEAB00905399 /* libopencv_highgui.2.4.6.dylib */ = {isa = PBXFileReference; lastKnownFileType = "compiled.mach-o.dylib"; path = libopencv_highgui.2.4.6.dylib; sourceTree = "<group>"; };
		C0C451BA1A06AEAB00905399 /* libopencv_highgui.2.4.6.dylib */ = {isa = PBXFileReference; lastKnownFileType = "compiled.mach-o.dylib"; path = libopencv_highgui.2.4.6.dylib; sourceTree = "<group>"; };
		C0C451BB1A06AEAB00905399 /* libopencv_gpu.2.4.6.dylib */ = {isa = PBXFileReference; lastKnownFileType = "compiled.mach-o.dylib"; path = libopencv_gpu.2.4.6.dylib; sourceTree = "<group>"; };
		C0C451BC1A06AEAB00905399 /* libopencv_gpu.2.4.6.dylib */ = {isa = PBXFileReference; lastKnownFileType = "compiled.mach-o.dylib"; path = libopencv_gpu.2.4.6.dylib; sourceTree = "<group>"; };
		C0C451BD1A06AEAB00905399 /* libopencv_gpu.2.4.6.dylib */ = {isa = PBXFileReference; lastKnownFileType = "compiled.mach-o.dylib"; path = libopencv_gpu.2.4.6.dylib; sourceTree = "<group>"; };
		C0C451BE1A06AEAB00905399 /* libopencv_flann.2.4.6.dylib */ = {isa = PBXFileReference; lastKnownFileType = "compiled.mach-o.dylib"; path = libopencv_flann.2.4.6.dylib; sourceTree = "<group>"; };
		C0C451BF1A06AEAB00905399 /* libopencv_flann.2.4.6.dylib */ = {isa = PBXFileReference; lastKnownFileType = "compiled.mach-o.dylib"; path = libopencv_flann.2.4.6.dylib; sourceTree = "<group>"; };
		C0C451C01A06AEAB00905399 /* libopencv_flann.2.4.6.dylib */ = {isa = PBXFileReference; lastKnownFileType = "compiled.mach-o.dylib"; path = libopencv_flann.2.4.6.dylib; sourceTree = "<group>"; };
		C0C451C11A06AEAB00905399 /* libopencv_features2d.2.4.6.dylib */ = {isa = PBXFileReference; lastKnownFileType = "compiled.mach-o.dylib"; path = libopencv_features2d.2.4.6.dylib; sourceTree = "<group>"; };
		C0C451C21A06AEAB00905399 /* libopencv_features2d.2.4.6.dylib */ = {isa = PBXFileReference; lastKnownFileType = "compiled.mach-o.dylib"; path = libopencv_features2d.2.4.6.dylib; sourceTree = "<group>"; };
		C0C451C31A06AEAB00905399 /* libopencv_features2d.2.4.6.dylib */ = {isa = PBXFileReference; lastKnownFileType = "compiled.mach-o.dylib"; path = libopencv_features2d.2.4.6.dylib; sourceTree = "<group>"; };
		C0C451C41A06AEAB00905399 /* libopencv_core.2.4.6.dylib */ = {isa = PBXFileReference; lastKnownFileType = "compiled.mach-o.dylib"; path = libopencv_core.2.4.6.dylib; sourceTree = "<group>"; };
		C0C451C51A06AEAB00905399 /* libopencv_core.2.4.6.dylib */ = {isa = PBXFileReference; lastKnownFileType = "compiled.mach-o.dylib"; path = libopencv_core.2.4.6.dylib; sourceTree = "<group>"; };
		C0C451C61A06AEAB00905399 /* libopencv_core.2.4.6.dylib */ = {isa = PBXFileReference; lastKnownFileType = "compiled.mach-o.dylib"; path = libopencv_core.2.4.6.dylib; sourceTree = "<group>"; };
		C0C451C71A06AEAB00905399 /* libopencv_contrib.2.4.6.dylib */ = {isa = PBXFileReference; lastKnownFileType = "compiled.mach-o.dylib"; path = libopencv_contrib.2.4.6.dylib; sourceTree = "<group>"; };
		C0C451C81A06AEAB00905399 /* libopencv_contrib.2.4.6.dylib */ = {isa = PBXFileReference; lastKnownFileType = "compiled.mach-o.dylib"; path = libopencv_contrib.2.4.6.dylib; sourceTree = "<group>"; };
		C0C451C91A06AEAB00905399 /* libopencv_contrib.2.4.6.dylib */ = {isa = PBXFileReference; lastKnownFileType = "compiled.mach-o.dylib"; path = libopencv_contrib.2.4.6.dylib; sourceTree = "<group>"; };
		C0C451CA1A06AEAB00905399 /* libopencv_calib3d.2.4.6.dylib */ = {isa = PBXFileReference; lastKnownFileType = "compiled.mach-o.dylib"; path = libopencv_calib3d.2.4.6.dylib; sourceTree = "<group>"; };
		C0C451CB1A06AEAB00905399 /* libopencv_calib3d.2.4.6.dylib */ = {isa = PBXFileReference; lastKnownFileType = "compiled.mach-o.dylib"; path = libopencv_calib3d.2.4.6.dylib; sourceTree = "<group>"; };
		C0C451CC1A06AEAB00905399 /* libopencv_calib3d.2.4.6.dylib */ = {isa = PBXFileReference; lastKnownFileType = "compiled.mach-o.dylib"; path = libopencv_calib3d.2.4.6.dylib; sourceTree = "<group>"; };
/* End PBXFileReference section */

/* Begin PBXFrameworksBuildPhase section */
		C0C451861A06ACDF00905399 /* Frameworks */ = {
			isa = PBXFrameworksBuildPhase;
			buildActionMask = 2147483647;
			files = (
				C0C451F91A06AEAC00905399 /* libopencv_flann.2.4.6.dylib in Frameworks */,
				C0C451F51A06AEAC00905399 /* libopencv_gpu.2.4.6.dylib in Frameworks */,
				C0C451EA1A06AEAC00905399 /* libopencv_ml.2.4.6.dylib in Frameworks */,
				C0C451D41A06AEAB00905399 /* libopencv_ts.2.4.6.dylib in Frameworks */,
				C0C451D31A06AEAB00905399 /* libopencv_ts.2.4.6.dylib in Frameworks */,
				C0C451F61A06AEAC00905399 /* libopencv_gpu.2.4.6.dylib in Frameworks */,
				C0C451E11A06AEAC00905399 /* libopencv_ocl.2.4.6.dylib in Frameworks */,
				C0C451DB1A06AEAC00905399 /* libopencv_stitching.2.4.6.dylib in Frameworks */,
				C0C451F81A06AEAC00905399 /* libopencv_flann.2.4.6.dylib in Frameworks */,
				C0C451E21A06AEAC00905399 /* libopencv_objdetect.2.4.6.dylib in Frameworks */,
				C0C451D91A06AEAC00905399 /* libopencv_stitching.2.4.6.dylib in Frameworks */,
				C0C452001A06AEAC00905399 /* libopencv_contrib.2.4.6.dylib in Frameworks */,
				C0C451E01A06AEAC00905399 /* libopencv_ocl.2.4.6.dylib in Frameworks */,
				C0C451D51A06AEAB00905399 /* libopencv_ts.2.4.6.dylib in Frameworks */,
				C0C451F31A06AEAC00905399 /* libopencv_highgui.2.4.6.dylib in Frameworks */,
				C0C452051A06AEAC00905399 /* libopencv_calib3d.2.4.6.dylib in Frameworks */,
				C0C451FE1A06AEAC00905399 /* libopencv_core.2.4.6.dylib in Frameworks */,
				C0C452041A06AEAC00905399 /* libopencv_calib3d.2.4.6.dylib in Frameworks */,
				C0C451CD1A06AEAB00905399 /* libopencv_videostab.2.4.6.dylib in Frameworks */,
				C0C452011A06AEAC00905399 /* libopencv_contrib.2.4.6.dylib in Frameworks */,
				C0C451EB1A06AEAC00905399 /* libopencv_legacy.2.4.6.dylib in Frameworks */,
				C0C451F01A06AEAC00905399 /* libopencv_imgproc.2.4.6.dylib in Frameworks */,
				C0C451DA1A06AEAC00905399 /* libopencv_stitching.2.4.6.dylib in Frameworks */,
				C0C451F71A06AEAC00905399 /* libopencv_flann.2.4.6.dylib in Frameworks */,
				C0C451E31A06AEAC00905399 /* libopencv_objdetect.2.4.6.dylib in Frameworks */,
				C0C451FB1A06AEAC00905399 /* libopencv_features2d.2.4.6.dylib in Frameworks */,
				C0C451E91A06AEAC00905399 /* libopencv_ml.2.4.6.dylib in Frameworks */,
				C0C452021A06AEAC00905399 /* libopencv_contrib.2.4.6.dylib in Frameworks */,
				C0C451D71A06AEAB00905399 /* libopencv_superres.2.4.6.dylib in Frameworks */,
				C0C451EE1A06AEAC00905399 /* libopencv_imgproc.2.4.6.dylib in Frameworks */,
				C0C451D21A06AEAB00905399 /* libopencv_video.2.4.6.dylib in Frameworks */,
				C0C451EF1A06AEAC00905399 /* libopencv_imgproc.2.4.6.dylib in Frameworks */,
				C0C451F21A06AEAC00905399 /* libopencv_highgui.2.4.6.dylib in Frameworks */,
				C0C451FF1A06AEAC00905399 /* libopencv_core.2.4.6.dylib in Frameworks */,
				C0C451CF1A06AEAB00905399 /* libopencv_videostab.2.4.6.dylib in Frameworks */,
				C0C451E81A06AEAC00905399 /* libopencv_ml.2.4.6.dylib in Frameworks */,
				C0C451D61A06AEAB00905399 /* libopencv_superres.2.4.6.dylib in Frameworks */,
				C0C451D81A06AEAB00905399 /* libopencv_superres.2.4.6.dylib in Frameworks */,
				C0C451DE1A06AEAC00905399 /* libopencv_photo.2.4.6.dylib in Frameworks */,
				C0C451D11A06AEAB00905399 /* libopencv_video.2.4.6.dylib in Frameworks */,
				C0C451ED1A06AEAC00905399 /* libopencv_legacy.2.4.6.dylib in Frameworks */,
				C0C451CE1A06AEAB00905399 /* libopencv_videostab.2.4.6.dylib in Frameworks */,
				C0C451DC1A06AEAC00905399 /* libopencv_photo.2.4.6.dylib in Frameworks */,
				C0C451F41A06AEAC00905399 /* libopencv_gpu.2.4.6.dylib in Frameworks */,
				C0C452031A06AEAC00905399 /* libopencv_calib3d.2.4.6.dylib in Frameworks */,
				C0C451F11A06AEAC00905399 /* libopencv_highgui.2.4.6.dylib in Frameworks */,
				C0C451E41A06AEAC00905399 /* libopencv_objdetect.2.4.6.dylib in Frameworks */,
				C0C451FD1A06AEAC00905399 /* libopencv_core.2.4.6.dylib in Frameworks */,
				C0C451DF1A06AEAC00905399 /* libopencv_ocl.2.4.6.dylib in Frameworks */,
				C0C451EC1A06AEAC00905399 /* libopencv_legacy.2.4.6.dylib in Frameworks */,
				C0C451DD1A06AEAC00905399 /* libopencv_photo.2.4.6.dylib in Frameworks */,
				C0C451E61A06AEAC00905399 /* libopencv_nonfree.2.4.6.dylib in Frameworks */,
				C0C451D01A06AEAB00905399 /* libopencv_video.2.4.6.dylib in Frameworks */,
				C0C451FC1A06AEAC00905399 /* libopencv_features2d.2.4.6.dylib in Frameworks */,
				C0C451E71A06AEAC00905399 /* libopencv_nonfree.2.4.6.dylib in Frameworks */,
				C0C451FA1A06AEAC00905399 /* libopencv_features2d.2.4.6.dylib in Frameworks */,
				C0C451E51A06AEAC00905399 /* libopencv_nonfree.2.4.6.dylib in Frameworks */,
			);
			runOnlyForDeploymentPostprocessing = 0;
		};
/* End PBXFrameworksBuildPhase section */

/* Begin PBXGroup section */
		C0C451801A06ACDF00905399 = {
			isa = PBXGroup;
			children = (
				C0C451931A06AE3F00905399 /* OpenCVLib */,
				C0C4518B1A06ACDF00905399 /* BGS */,
				C0C4518A1A06ACDF00905399 /* Products */,
			);
			sourceTree = "<group>";
		};
		C0C4518A1A06ACDF00905399 /* Products */ = {
			isa = PBXGroup;
			children = (
				C0C451891A06ACDF00905399 /* BGS */,
			);
			name = Products;
			sourceTree = "<group>";
		};
		C0C4518B1A06ACDF00905399 /* BGS */ = {
			isa = PBXGroup;
			children = (
				C066B7CA1A06EA0D003471F2 /* GaussianModel.h */,
				C066B7CB1A06EA0D003471F2 /* GaussianModel.cpp */,
				C0C4518C1A06ACDF00905399 /* main.cpp */,
				C0797BA61A09420A00B46F07 /* DualGaussianModel.cpp */,
				C0797BA71A09420A00B46F07 /* DualGaussianModel.h */,
				C094CAE61A2B891D0004CF92 /* gmmmain.cpp */,
			);
			path = BGS;
			sourceTree = "<group>";
		};
		C0C451931A06AE3F00905399 /* OpenCVLib */ = {
			isa = PBXGroup;
			children = (
				C0C451941A06AEAB00905399 /* libopencv_videostab.2.4.6.dylib */,
				C0C451951A06AEAB00905399 /* libopencv_videostab.2.4.6.dylib */,
				C0C451961A06AEAB00905399 /* libopencv_videostab.2.4.6.dylib */,
				C0C451971A06AEAB00905399 /* libopencv_video.2.4.6.dylib */,
				C0C451981A06AEAB00905399 /* libopencv_video.2.4.6.dylib */,
				C0C451991A06AEAB00905399 /* libopencv_video.2.4.6.dylib */,
				C0C4519A1A06AEAB00905399 /* libopencv_ts.2.4.6.dylib */,
				C0C4519B1A06AEAB00905399 /* libopencv_ts.2.4.6.dylib */,
				C0C4519C1A06AEAB00905399 /* libopencv_ts.2.4.6.dylib */,
				C0C4519D1A06AEAB00905399 /* libopencv_superres.2.4.6.dylib */,
				C0C4519E1A06AEAB00905399 /* libopencv_superres.2.4.6.dylib */,
				C0C4519F1A06AEAB00905399 /* libopencv_superres.2.4.6.dylib */,
				C0C451A01A06AEAB00905399 /* libopencv_stitching.2.4.6.dylib */,
				C0C451A11A06AEAB00905399 /* libopencv_stitching.2.4.6.dylib */,
				C0C451A21A06AEAB00905399 /* libopencv_stitching.2.4.6.dylib */,
				C0C451A31A06AEAB00905399 /* libopencv_photo.2.4.6.dylib */,
				C0C451A41A06AEAB00905399 /* libopencv_photo.2.4.6.dylib */,
				C0C451A51A06AEAB00905399 /* libopencv_photo.2.4.6.dylib */,
				C0C451A61A06AEAB00905399 /* libopencv_ocl.2.4.6.dylib */,
				C0C451A71A06AEAB00905399 /* libopencv_ocl.2.4.6.dylib */,
				C0C451A81A06AEAB00905399 /* libopencv_ocl.2.4.6.dylib */,
				C0C451A91A06AEAB00905399 /* libopencv_objdetect.2.4.6.dylib */,
				C0C451AA1A06AEAB00905399 /* libopencv_objdetect.2.4.6.dylib */,
				C0C451AB1A06AEAB00905399 /* libopencv_objdetect.2.4.6.dylib */,
				C0C451AC1A06AEAB00905399 /* libopencv_nonfree.2.4.6.dylib */,
				C0C451AD1A06AEAB00905399 /* libopencv_nonfree.2.4.6.dylib */,
				C0C451AE1A06AEAB00905399 /* libopencv_nonfree.2.4.6.dylib */,
				C0C451AF1A06AEAB00905399 /* libopencv_ml.2.4.6.dylib */,
				C0C451B01A06AEAB00905399 /* libopencv_ml.2.4.6.dylib */,
				C0C451B11A06AEAB00905399 /* libopencv_ml.2.4.6.dylib */,
				C0C451B21A06AEAB00905399 /* libopencv_legacy.2.4.6.dylib */,
				C0C451B31A06AEAB00905399 /* libopencv_legacy.2.4.6.dylib */,
				C0C451B41A06AEAB00905399 /* libopencv_legacy.2.4.6.dylib */,
				C0C451B51A06AEAB00905399 /* libopencv_imgproc.2.4.6.dylib */,
				C0C451B61A06AEAB00905399 /* libopencv_imgproc.2.4.6.dylib */,
				C0C451B71A06AEAB00905399 /* libopencv_imgproc.2.4.6.dylib */,
				C0C451B81A06AEAB00905399 /* libopencv_highgui.2.4.6.dylib */,
				C0C451B91A06AEAB00905399 /* libopencv_highgui.2.4.6.dylib */,
				C0C451BA1A06AEAB00905399 /* libopencv_highgui.2.4.6.dylib */,
				C0C451BB1A06AEAB00905399 /* libopencv_gpu.2.4.6.dylib */,
				C0C451BC1A06AEAB00905399 /* libopencv_gpu.2.4.6.dylib */,
				C0C451BD1A06AEAB00905399 /* libopencv_gpu.2.4.6.dylib */,
				C0C451BE1A06AEAB00905399 /* libopencv_flann.2.4.6.dylib */,
				C0C451BF1A06AEAB00905399 /* libopencv_flann.2.4.6.dylib */,
				C0C451C01A06AEAB00905399 /* libopencv_flann.2.4.6.dylib */,
				C0C451C11A06AEAB00905399 /* libopencv_features2d.2.4.6.dylib */,
				C0C451C21A06AEAB00905399 /* libopencv_features2d.2.4.6.dylib */,
				C0C451C31A06AEAB00905399 /* libopencv_features2d.2.4.6.dylib */,
				C0C451C41A06AEAB00905399 /* libopencv_core.2.4.6.dylib */,
				C0C451C51A06AEAB00905399 /* libopencv_core.2.4.6.dylib */,
				C0C451C61A06AEAB00905399 /* libopencv_core.2.4.6.dylib */,
				C0C451C71A06AEAB00905399 /* libopencv_contrib.2.4.6.dylib */,
				C0C451C81A06AEAB00905399 /* libopencv_contrib.2.4.6.dylib */,
				C0C451C91A06AEAB00905399 /* libopencv_contrib.2.4.6.dylib */,
				C0C451CA1A06AEAB00905399 /* libopencv_calib3d.2.4.6.dylib */,
				C0C451CB1A06AEAB00905399 /* libopencv_calib3d.2.4.6.dylib */,
				C0C451CC1A06AEAB00905399 /* libopencv_calib3d.2.4.6.dylib */,
			);
			name = OpenCVLib;
			sourceTree = "<group>";
		};
/* End PBXGroup section */

/* Begin PBXNativeTarget section */
		C0C451881A06ACDF00905399 /* BGS */ = {
			isa = PBXNativeTarget;
			buildConfigurationList = C0C451901A06ACDF00905399 /* Build configuration list for PBXNativeTarget "BGS" */;
			buildPhases = (
				C0C451851A06ACDF00905399 /* Sources */,
				C0C451861A06ACDF00905399 /* Frameworks */,
				C0C451871A06ACDF00905399 /* CopyFiles */,
			);
			buildRules = (
			);
			dependencies = (
			);
			name = BGS;
			productName = BGS;
			productReference = C0C451891A06ACDF00905399 /* BGS */;
			productType = "com.apple.product-type.tool";
		};
/* End PBXNativeTarget section */

/* Begin PBXProject section */
		C0C451811A06ACDF00905399 /* Project object */ = {
			isa = PBXProject;
			attributes = {
				LastUpgradeCheck = 0600;
				ORGANIZATIONNAME = "Peter Henderson";
				TargetAttributes = {
					C0C451881A06ACDF00905399 = {
						CreatedOnToolsVersion = 6.0.1;
					};
				};
			};
			buildConfigurationList = C0C451841A06ACDF00905399 /* Build configuration list for PBXProject "BGS" */;
			compatibilityVersion = "Xcode 3.2";
			developmentRegion = English;
			hasScannedForEncodings = 0;
			knownRegions = (
				en,
			);
			mainGroup = C0C451801A06ACDF00905399;
			productRefGroup = C0C4518A1A06ACDF00905399 /* Products */;
			projectDirPath = "";
			projectRoot = "";
			targets = (
				C0C451881A06ACDF00905399 /* BGS */,
			);
		};
/* End PBXProject section */

/* Begin PBXSourcesBuildPhase section */
		C0C451851A06ACDF00905399 /* Sources */ = {
			isa = PBXSourcesBuildPhase;
			buildActionMask = 2147483647;
			files = (
				C066B7CC1A06EA0D003471F2 /* GaussianModel.cpp in Sources */,
				C0C4518D1A06ACDF00905399 /* main.cpp in Sources */,
				C094CAE71A2B891D0004CF92 /* gmmmain.cpp in Sources */,
				C0797BA81A09420A00B46F07 /* DualGaussianModel.cpp in Sources */,
			);
			runOnlyForDeploymentPostprocessing = 0;
		};
/* End PBXSourcesBuildPhase section */

/* Begin XCBuildConfiguration section */
		C0C4518E1A06ACDF00905399 /* Debug */ = {
			isa = XCBuildConfiguration;
			buildSettings = {
				ALWAYS_SEARCH_USER_PATHS = NO;
				CLANG_CXX_LANGUAGE_STANDARD = "gnu++0x";
				CLANG_CXX_LIBRARY = "libc++";
				CLANG_ENABLE_MODULES = YES;
				CLANG_ENABLE_OBJC_ARC = YES;
				CLANG_WARN_BOOL_CONVERSION = YES;
				CLANG_WARN_CONSTANT_CONVERSION = YES;
				CLANG_WARN_DIRECT_OBJC_ISA_USAGE = YES_ERROR;
				CLANG_WARN_EMPTY_BODY = YES;
				CLANG_WARN_ENUM_CONVERSION = YES;
				CLANG_WARN_INT_CONVERSION = YES;
				CLANG_WARN_OBJC_ROOT_CLASS = YES_ERROR;
				CLANG_WARN_UNREACHABLE_CODE = YES;
				CLANG_WARN__DUPLICATE_METHOD_MATCH = YES;
				COPY_PHASE_STRIP = NO;
				ENABLE_STRICT_OBJC_MSGSEND = YES;
				GCC_C_LANGUAGE_STANDARD = gnu99;
				GCC_DYNAMIC_NO_PIC = NO;
				GCC_OPTIMIZATION_LEVEL = 0;
				GCC_PREPROCESSOR_DEFINITIONS = (
					"DEBUG=1",
					"$(inherited)",
				);
				GCC_SYMBOLS_PRIVATE_EXTERN = NO;
				GCC_WARN_64_TO_32_BIT_CONVERSION = YES;
				GCC_WARN_ABOUT_RETURN_TYPE = YES_ERROR;
				GCC_WARN_UNDECLARED_SELECTOR = YES;
				GCC_WARN_UNINITIALIZED_AUTOS = YES_AGGRESSIVE;
				GCC_WARN_UNUSED_FUNCTION = YES;
				GCC_WARN_UNUSED_VARIABLE = YES;
				MACOSX_DEPLOYMENT_TARGET = 10.9;
				MTL_ENABLE_DEBUG_INFO = YES;
				ONLY_ACTIVE_ARCH = YES;
				SDKROOT = macosx;
			};
			name = Debug;
		};
		C0C4518F1A06ACDF00905399 /* Release */ = {
			isa = XCBuildConfiguration;
			buildSettings = {
				ALWAYS_SEARCH_USER_PATHS = NO;
				CLANG_CXX_LANGUAGE_STANDARD = "gnu++0x";
				CLANG_CXX_LIBRARY = "libc++";
				CLANG_ENABLE_MODULES = YES;
				CLANG_ENABLE_OBJC_ARC = YES;
				CLANG_WARN_BOOL_CONVERSION = YES;
				CLANG_WARN_CONSTANT_CONVERSION = YES;
				CLANG_WARN_DIRECT_OBJC_ISA_USAGE = YES_ERROR;
				CLANG_WARN_EMPTY_BODY = YES;
				CLANG_WARN_ENUM_CONVERSION = YES;
				CLANG_WARN_INT_CONVERSION = YES;
				CLANG_WARN_OBJC_ROOT_CLASS = YES_ERROR;
				CLANG_WARN_UNREACHABLE_CODE = YES;
				CLANG_WARN__DUPLICATE_METHOD_MATCH = YES;
				COPY_PHASE_STRIP = YES;
				DEBUG_INFORMATION_FORMAT = "dwarf-with-dsym";
				ENABLE_NS_ASSERTIONS = NO;
				ENABLE_STRICT_OBJC_MSGSEND = YES;
				GCC_C_LANGUAGE_STANDARD = gnu99;
				GCC_WARN_64_TO_32_BIT_CONVERSION = YES;
				GCC_WARN_ABOUT_RETURN_TYPE = YES_ERROR;
				GCC_WARN_UNDECLARED_SELECTOR = YES;
				GCC_WARN_UNINITIALIZED_AUTOS = YES_AGGRESSIVE;
				GCC_WARN_UNUSED_FUNCTION = YES;
				GCC_WARN_UNUSED_VARIABLE = YES;
				MACOSX_DEPLOYMENT_TARGET = 10.9;
				MTL_ENABLE_DEBUG_INFO = NO;
				SDKROOT = macosx;
			};
			name = Release;
		};
		C0C451911A06ACDF00905399 /* Debug */ = {
			isa = XCBuildConfiguration;
			buildSettings = {
				CLANG_CXX_LIBRARY = "libstdc++";
				HEADER_SEARCH_PATHS = (
					"$(inherited)",
					"/usr/local/Cellar/opencv/2.4.6.1/include/**",
					/Applications/Xcode.app/Contents/Developer/Toolchains/XcodeDefault.xctoolchain/usr/include,
				);
				LIBRARY_SEARCH_PATHS = (
					"$(inherited)",
					"$(PROJECT_DIR)/**",
				);
				OTHER_LDFLAGS = (
					"-lopencv_core.2.4.6",
					"-opencv_highgui.2.4.6",
					"-lm",
					"-lopencv_calib3d.2.4.6",
				);
				PRODUCT_NAME = "$(TARGET_NAME)";
			};
			name = Debug;
		};
		C0C451921A06ACDF00905399 /* Release */ = {
			isa = XCBuildConfiguration;
			buildSettings = {
				CLANG_CXX_LIBRARY = "libstdc++";
				HEADER_SEARCH_PATHS = (
					"$(inherited)",
					"/usr/local/Cellar/opencv/2.4.6.1/include/**",
					/Applications/Xcode.app/Contents/Developer/Toolchains/XcodeDefault.xctoolchain/usr/include,
				);
				LIBRARY_SEARCH_PATHS = (
					"$(inherited)",
					"$(PROJECT_DIR)/**",
				);
				OTHER_LDFLAGS = (
					"-lopencv_core.2.4.6",
					"-opencv_highgui.2.4.6",
					"-lm",
					"-lopencv_calib3d.2.4.6",
				);
				PRODUCT_NAME = "$(TARGET_NAME)";
			};
			name = Release;
		};
/* End XCBuildConfiguration section */

/* Begin XCConfigurationList section */
		C0C451841A06ACDF00905399 /* Build configuration list for PBXProject "BGS" */ = {
			isa = XCConfigurationList;
			buildConfigurations = (
				C0C4518E1A06ACDF00905399 /* Debug */,
				C0C4518F1A06ACDF00905399 /* Release */,
			);
			defaultConfigurationIsVisible = 0;
			defaultConfigurationName = Release;
		};
		C0C451901A06ACDF00905399 /* Build configuration list for PBXNativeTarget "BGS" */ = {
			isa = XCConfigurationList;
			buildConfigurations = (
				C0C451911A06ACDF00905399 /* Debug */,
				C0C451921A06ACDF00905399 /* Release */,
			);
			defaultConfigurationIsVisible = 0;
			defaultConfigurationName = Release;
		};
/* End XCConfigurationList section */
	};
	rootObject = C0C451811A06ACDF00905399 /* Project object */;
}
